
Microsoft Visual Studio Solution File, Format Version 12.00
# Visual Studio Version 17
VisualStudioVersion = 17.11.35219.272
MinimumVisualStudioVersion = 10.0.40219.1
Project("{FAE04EC0-301F-11D3-BF4B-00C04F79EFBC}") = "QuanLyCongViec", "QuanLyCongViec\QuanLyCongViec.csproj", "{564742C1-A2C6-4BBA-9B2E-0BBEF0E95D3E}"
EndProject
Global
	GlobalSection(SolutionConfigurationPlatforms) = preSolution
		Debug|Any CPU = Debug|Any CPU
		Release|Any CPU = Release|Any CPU
	EndGlobalSection
	GlobalSection(ProjectConfigurationPlatforms) = postSolution
		{564742C1-A2C6-4BBA-9B2E-0BBEF0E95D3E}.Debug|Any CPU.ActiveCfg = Debug|Any CPU
		{564742C1-A2C6-4BBA-9B2E-0BBEF0E95D3E}.Debug|Any CPU.Build.0 = Debug|Any CPU
		{564742C1-A2C6-4BBA-9B2E-0BBEF0E95D3E}.Release|Any CPU.ActiveCfg = Release|Any CPU
		{564742C1-A2C6-4BBA-9B2E-0BBEF0E95D3E}.Release|Any CPU.Build.0 = Release|Any CPU
	EndGlobalSection
	GlobalSection(SolutionProperties) = preSolution
		HideSolutionNode = FALSE
	EndGlobalSection
	GlobalSection(ExtensibilityGlobals) = postSolution
		SolutionGuid = {66AB1C66-7D30-4624-8308-5935FD6B3510}
	EndGlobalSection
EndGlobal
